// !$*UTF8*$!
{
	archiveVersion = 1;
	classes = {
	};
	objectVersion = 46;
	objects = {

/* Begin PBXBuildFile section */
		69AD488F156054C9009976B8 /* UIKit.framework in Frameworks */ = {isa = PBXBuildFile; fileRef = 69AD488E156054C9009976B8 /* UIKit.framework */; };
		69AD4891156054C9009976B8 /* Foundation.framework in Frameworks */ = {isa = PBXBuildFile; fileRef = 69AD4890156054C9009976B8 /* Foundation.framework */; };
		69AD4893156054C9009976B8 /* CoreGraphics.framework in Frameworks */ = {isa = PBXBuildFile; fileRef = 69AD4892156054C9009976B8 /* CoreGraphics.framework */; };
		69AD4899156054C9009976B8 /* InfoPlist.strings in Resources */ = {isa = PBXBuildFile; fileRef = 69AD4897156054C9009976B8 /* InfoPlist.strings */; };
		69AD489B156054C9009976B8 /* main.m in Sources */ = {isa = PBXBuildFile; fileRef = 69AD489A156054C9009976B8 /* main.m */; };
		69AD489F156054C9009976B8 /* oitPostsAppDelegate.m in Sources */ = {isa = PBXBuildFile; fileRef = 69AD489E156054C9009976B8 /* oitPostsAppDelegate.m */; };
/* End PBXBuildFile section */

/* Begin PBXFileReference section */
		69AD488A156054C9009976B8 /* OurItalianTable Posts.app */ = {isa = PBXFileReference; explicitFileType = wrapper.application; includeInIndex = 0; path = "OurItalianTable Posts.app"; sourceTree = BUILT_PRODUCTS_DIR; };
		69AD488E156054C9009976B8 /* UIKit.framework */ = {isa = PBXFileReference; lastKnownFileType = wrapper.framework; name = UIKit.framework; path = System/Library/Frameworks/UIKit.framework; sourceTree = SDKROOT; };
		69AD4890156054C9009976B8 /* Foundation.framework */ = {isa = PBXFileReference; lastKnownFileType = wrapper.framework; name = Foundation.framework; path = System/Library/Frameworks/Foundation.framework; sourceTree = SDKROOT; };
		69AD4892156054C9009976B8 /* CoreGraphics.framework */ = {isa = PBXFileReference; lastKnownFileType = wrapper.framework; name = CoreGraphics.framework; path = System/Library/Frameworks/CoreGraphics.framework; sourceTree = SDKROOT; };
		69AD4896156054C9009976B8 /* OurItalianTable Posts-Info.plist */ = {isa = PBXFileReference; path = "OurItalianTable Posts-Info.plist"; sourceTree = "<group>"; };
		69AD4898156054C9009976B8 /* en */ = {isa = PBXFileReference; lastKnownFileType = text.plist.strings; name = en; path = en.lproj/InfoPlist.strings; sourceTree = "<group>"; };
		69AD489A156054C9009976B8 /* main.m */ = {isa = PBXFileReference; lastKnownFileType = sourcecode.c.objc; path = main.m; sourceTree = "<group>"; };
		69AD489C156054C9009976B8 /* OurItalianTable Posts-Prefix.pch */ = {isa = PBXFileReference; path = "OurItalianTable Posts-Prefix.pch"; sourceTree = "<group>"; };
		69AD489D156054C9009976B8 /* oitPostsAppDelegate.h */ = {isa = PBXFileReference; path = oitPostsAppDelegate.h; sourceTree = "<group>"; };
		69AD489E156054C9009976B8 /* oitPostsAppDelegate.m */ = {isa = PBXFileReference; lastKnownFileType = sourcecode.c.objc; path = oitPostsAppDelegate.m; sourceTree = "<group>"; };
/* End PBXFileReference section */

/* Begin PBXFrameworksBuildPhase section */
		69AD4887156054C9009976B8 /* Frameworks */ = {
			isa = PBXFrameworksBuildPhase;
			buildActionMask = 2147483647;
			files = (
				69AD488F156054C9009976B8 /* UIKit.framework in Frameworks */,
				69AD4891156054C9009976B8 /* Foundation.framework in Frameworks */,
				69AD4893156054C9009976B8 /* CoreGraphics.framework in Frameworks */,
			);
			runOnlyForDeploymentPostprocessing = 0;
		};
/* End PBXFrameworksBuildPhase section */

/* Begin PBXGroup section */
		69AD487F156054C9009976B8 = {
			isa = PBXGroup;
			children = (
				69AD4894156054C9009976B8 /* OurItalianTable Posts */,
				69AD488D156054C9009976B8 /* Frameworks */,
				69AD488B156054C9009976B8 /* Products */,
			);
			sourceTree = "<group>";
		};
		69AD488B156054C9009976B8 /* Products */ = {
			isa = PBXGroup;
			children = (
				69AD488A156054C9009976B8 /* OurItalianTable Posts.app */,
			);
			name = Products;
			sourceTree = "<group>";
		};
		69AD488D156054C9009976B8 /* Frameworks */ = {
			isa = PBXGroup;
			children = (
				69AD488E156054C9009976B8 /* UIKit.framework */,
				69AD4890156054C9009976B8 /* Foundation.framework */,
				69AD4892156054C9009976B8 /* CoreGraphics.framework */,
			);
			name = Frameworks;
			sourceTree = "<group>";
		};
		69AD4894156054C9009976B8 /* OurItalianTable Posts */ = {
			isa = PBXGroup;
			children = (
				69AD489D156054C9009976B8 /* oitPostsAppDelegate.h */,
				69AD489E156054C9009976B8 /* oitPostsAppDelegate.m */,
				69AD4895156054C9009976B8 /* Supporting Files */,
			);
			path = "OurItalianTable Posts";
			sourceTree = "<group>";
		};
		69AD4895156054C9009976B8 /* Supporting Files */ = {
			isa = PBXGroup;
			children = (
				69AD4896156054C9009976B8 /* OurItalianTable Posts-Info.plist */,
				69AD4897156054C9009976B8 /* InfoPlist.strings */,
				69AD489A156054C9009976B8 /* main.m */,
				69AD489C156054C9009976B8 /* OurItalianTable Posts-Prefix.pch */,
			);
			name = "Supporting Files";
			sourceTree = "<group>";
		};
/* End PBXGroup section */

/* Begin PBXNativeTarget section */
		69AD4889156054C9009976B8 /* OurItalianTable Posts */ = {
			isa = PBXNativeTarget;
			buildConfigurationList = 69AD48A2156054C9009976B8 /* Build configuration list for PBXNativeTarget "OurItalianTable Posts" */;
			buildPhases = (
				69AD4886156054C9009976B8 /* Sources */,
				69AD4887156054C9009976B8 /* Frameworks */,
				69AD4888156054C9009976B8 /* Resources */,
			);
			buildRules = (
			);
			dependencies = (
			);
			name = "OurItalianTable Posts";
			productName = "OurItalianTable Posts";
			productReference = 69AD488A156054C9009976B8 /* OurItalianTable Posts.app */;
			productType = "com.apple.product-type.application";
		};
/* End PBXNativeTarget section */

/* Begin PBXProject section */
		69AD4881156054C9009976B8 /* Project object */ = {
			isa = PBXProject;
			attributes = {
				CLASSPREFIX = oitPosts;
				LastUpgradeCheck = 0430;
				ORGANIZATIONNAME = "Our Italian Table";
			};
			buildConfigurationList = 69AD4884156054C9009976B8 /* Build configuration list for PBXProject "OurItalianTable Posts" */;
			compatibilityVersion = "Xcode 3.2";
			developmentRegion = English;
			hasScannedForEncodings = 0;
			knownRegions = (
				en,
			);
			mainGroup = 69AD487F156054C9009976B8;
			productRefGroup = 69AD488B156054C9009976B8 /* Products */;
			projectDirPath = "";
			projectRoot = "";
			targets = (
				69AD4889156054C9009976B8 /* OurItalianTable Posts */,
			);
		};
/* End PBXProject section */

/* Begin PBXResourcesBuildPhase section */
		69AD4888156054C9009976B8 /* Resources */ = {
			isa = PBXResourcesBuildPhase;
			buildActionMask = 2147483647;
			files = (
				69AD4899156054C9009976B8 /* InfoPlist.strings in Resources */,
			);
			runOnlyForDeploymentPostprocessing = 0;
		};
/* End PBXResourcesBuildPhase section */

/* Begin PBXSourcesBuildPhase section */
		69AD4886156054C9009976B8 /* Sources */ = {
			isa = PBXSourcesBuildPhase;
			buildActionMask = 2147483647;
			files = (
				69AD489B156054C9009976B8 /* main.m in Sources */,
				69AD489F156054C9009976B8 /* oitPostsAppDelegate.m in Sources */,
			);
			runOnlyForDeploymentPostprocessing = 0;
		};
/* End PBXSourcesBuildPhase section */

/* Begin PBXVariantGroup section */
		69AD4897156054C9009976B8 /* InfoPlist.strings */ = {
			isa = PBXVariantGroup;
			children = (
				69AD4898156054C9009976B8 /* en */,
			);
			name = InfoPlist.strings;
			sourceTree = "<group>";
		};
/* End PBXVariantGroup section */

/* Begin XCBuildConfiguration section */
		69AD48A0156054C9009976B8 /* Debug */ = {
			isa = XCBuildConfiguration;
			buildSettings = {
				ALWAYS_SEARCH_USER_PATHS = NO;
				ARCHS = "$(ARCHS_STANDARD_32_BIT)";
				CLANG_ENABLE_OBJC_ARC = YES;
				"CODE_SIGN_IDENTITY[sdk=iphoneos*]" = "iPhone Developer";
				COPY_PHASE_STRIP = NO;
				GCC_C_LANGUAGE_STANDARD = gnu99;
				GCC_DYNAMIC_NO_PIC = NO;
				GCC_OPTIMIZATION_LEVEL = 0;
				GCC_PREPROCESSOR_DEFINITIONS = (
					"DEBUG=1",
					"$(inherited)",
				);
				GCC_SYMBOLS_PRIVATE_EXTERN = NO;
				GCC_VERSION = com.apple.compilers.llvm.clang.1_0;
				GCC_WARN_ABOUT_RETURN_TYPE = YES;
				GCC_WARN_UNINITIALIZED_AUTOS = YES;
				GCC_WARN_UNUSED_VARIABLE = YES;
				IPHONEOS_DEPLOYMENT_TARGET = 5.1;
				SDKROOT = iphoneos;
				TARGETED_DEVICE_FAMILY = "1,2";
			};
			name = Debug;
		};
		69AD48A1156054C9009976B8 /* Release */ = {
			isa = XCBuildConfiguration;
			buildSettings = {
				ALWAYS_SEARCH_USER_PATHS = NO;
				ARCHS = "$(ARCHS_STANDARD_32_BIT)";
				CLANG_ENABLE_OBJC_ARC = YES;
				"CODE_SIGN_IDENTITY[sdk=iphoneos*]" = "iPhone Developer";
				COPY_PHASE_STRIP = YES;
				GCC_C_LANGUAGE_STANDARD = gnu99;
				GCC_VERSION = com.apple.compilers.llvm.clang.1_0;
				GCC_WARN_ABOUT_RETURN_TYPE = YES;
				GCC_WARN_UNINITIALIZED_AUTOS = YES;
				GCC_WARN_UNUSED_VARIABLE = YES;
				IPHONEOS_DEPLOYMENT_TARGET = 5.1;
				OTHER_CFLAGS = "-DNS_BLOCK_ASSERTIONS=1";
				SDKROOT = iphoneos;
				TARGETED_DEVICE_FAMILY = "1,2";
				VALIDATE_PRODUCT = YES;
			};
			name = Release;
		};
		69AD48A3156054C9009976B8 /* Debug */ = {
			isa = XCBuildConfiguration;
			buildSettings = {
				GCC_PRECOMPILE_PREFIX_HEADER = YES;
				GCC_PREFIX_HEADER = "OurItalianTable Posts/OurItalianTable Posts-Prefix.pch";
				INFOPLIST_FILE = "OurItalianTable Posts/OurItalianTable Posts-Info.plist";
				PRODUCT_NAME = "$(TARGET_NAME)";
				WRAPPER_EXTENSION = app;
			};
			name = Debug;
		};
		69AD48A4156054C9009976B8 /* Release */ = {
			isa = XCBuildConfiguration;
			buildSettings = {
				GCC_PRECOMPILE_PREFIX_HEADER = YES;
				GCC_PREFIX_HEADER = "OurItalianTable Posts/OurItalianTable Posts-Prefix.pch";
				INFOPLIST_FILE = "OurItalianTable Posts/OurItalianTable Posts-Info.plist";
				PRODUCT_NAME = "$(TARGET_NAME)";
				WRAPPER_EXTENSION = app;
			};
			name = Release;
		};
/* End XCBuildConfiguration section */

/* Begin XCConfigurationList section */
		69AD4884156054C9009976B8 /* Build configuration list for PBXProject "OurItalianTable Posts" */ = {
			isa = XCConfigurationList;
			buildConfigurations = (
				69AD48A0156054C9009976B8 /* Debug */,
				69AD48A1156054C9009976B8 /* Release */,
			);
			defaultConfigurationIsVisible = 0;
			defaultConfigurationName = Release;
		};
		69AD48A2156054C9009976B8 /* Build configuration list for PBXNativeTarget "OurItalianTable Posts" */ = {
			isa = XCConfigurationList;
			buildConfigurations = (
				69AD48A3156054C9009976B8 /* Debug */,
				69AD48A4156054C9009976B8 /* Release */,
			);
			defaultConfigurationIsVisible = 0;
		};
/* End XCConfigurationList section */
	};
	rootObject = 69AD4881156054C9009976B8 /* Project object */;
}
